source_hash: 71abd0b9dffc828a6994caf490279eda36d6d36ef5527eb8b1c28fb0e30c976b
output_hash: 4bd95da90dca4fa21993c86a421d93f30fabd91d2663458fa753fabba14f6beb
generated_files:
  - bootstrap.yml
  - group_vars/all/main.yml
  - group_vars/all/vault.yml.example
  - inventory/group_vars/.gitkeep
  - inventory/host_vars/.gitkeep
  - inventory/hosts.ini.example
  - inventory/pull.ini
  - molecule/default/converge.yml
  - molecule/default/molecule.yml
  - molecule/default/verify.yml
  - requirements.yml
  - roles/apache2/defaults/main.yml
  - roles/apache2/handlers/main.yml
  - roles/apache2/tasks/main.yml
  - roles/apache2/templates/apache2_vhost.conf.j2
  - roles/bootstrap_scripts/defaults/main.yml
  - roles/bootstrap_scripts/tasks/main.yml
  - roles/bootstrap_scripts/templates/bootstrap.sh.j2
  - roles/certbot/defaults/main.yml
  - roles/certbot/handlers/main.yml
  - roles/certbot/tasks/main.yml
  - roles/certbot/templates/certbot-tsig.key.j2
  - roles/certbot/templates/dns-auth.sh.j2
  - roles/certbot/templates/dns-cleanup.sh.j2
  - roles/certbot/templates/renew-deploy-hook.sh.j2
  - roles/common/defaults/main.yml
  - roles/common/tasks/main.yml
  - roles/container_engine/defaults/main.yml
  - roles/container_engine/tasks/docker.yml
  - roles/container_engine/tasks/main.yml
  - roles/container_engine/tasks/podman.yml
  - roles/dns/defaults/main.yml
  - roles/dns/files/dns-bump-serial
  - roles/dns/files/normalize_zone_soa.py
  - roles/dns/files/sync_dns_records.py
  - roles/dns/handlers/main.yml
  - roles/dns/tasks/main.yml
  - roles/dns/templates/named.conf.local.j2
  - roles/dns/templates/named.conf.options.j2
  - roles/dns/templates/zone.db.j2
  - roles/docker/tasks/main.yml
  - roles/file_copy/defaults/main.yml
  - roles/file_copy/tasks/main.yml
  - roles/firewall_geo/handlers/main.yml
  - roles/firewall_geo/tasks/main.yml
  - roles/firewall_geo/templates/nftables.conf.j2
  - roles/firewall_geo/templates/pf.conf.j2
  - roles/geoip/defaults/main.yml
  - roles/geoip/files/geoip_ingest.py
  - roles/geoip/files/geoip_refresh.sh
  - roles/geoip/tasks/main.yml
  - roles/geoip/templates/geoip.conf.j2
  - roles/grafana/defaults/main.yml
  - roles/grafana/handlers/main.yml
  - roles/grafana/tasks/main.yml
  - roles/mailserver/defaults/main.yml
  - roles/mailserver/handlers/main.yml
  - roles/mailserver/tasks/main.yml
  - roles/mailserver/templates/10-auth.conf.j2
  - roles/mailserver/templates/10-mail.conf.j2
  - roles/mailserver/templates/10-master.conf.j2
  - roles/mailserver/templates/KeyTable.j2
  - roles/mailserver/templates/SigningTable.j2
  - roles/mailserver/templates/TrustedHosts.j2
  - roles/mailserver/templates/generic.j2
  - roles/mailserver/templates/main.cf.j2
  - roles/mailserver/templates/master.cf.j2
  - roles/mailserver/templates/opendkim.conf.j2
  - roles/nextcloud/defaults/main.yml
  - roles/nextcloud/handlers/main.yml
  - roles/nextcloud/meta/main.yml
  - roles/nextcloud/tasks/main.yml
  - roles/nextcloud/templates/docker-compose.yml.j2
  - roles/nfs/defaults/main.yml
  - roles/nfs/handlers/main.yml
  - roles/nfs/tasks/main.yml
  - roles/nfs/templates/exports.j2
  - roles/nginx/handlers/main.yml
  - roles/nginx/tasks/main.yml
  - roles/nginx/tasks/render_service.yml
  - roles/nginx/templates/client_cert_site.conf.j2
  - roles/nginx/templates/nextcloud.conf.j2
  - roles/nginx/templates/nginx.conf.j2
  - roles/nginx/templates/restricted_site.conf.j2
  - roles/nginx/templates/site.conf.j2
  - roles/node_exporter/defaults/main.yml
  - roles/node_exporter/handlers/main.yml
  - roles/node_exporter/tasks/main.yml
  - roles/openvpn/defaults/main.yml
  - roles/openvpn/handlers/main.yml
  - roles/openvpn/tasks/client_instance.yml
  - roles/openvpn/tasks/main.yml
  - roles/openvpn/tasks/server_instance.yml
  - roles/openvpn/templates/client.conf.j2
  - roles/openvpn/templates/server.conf.j2
  - roles/preflight/tasks/main.yml
  - roles/prometheus/defaults/main.yml
  - roles/prometheus/handlers/main.yml
  - roles/prometheus/tasks/main.yml
  - roles/prometheus/templates/prometheus.yml.j2
  - roles/samba/defaults/main.yml
  - roles/samba/handlers/main.yml
  - roles/samba/tasks/main.yml
  - roles/samba/templates/smb.conf.j2
  - roles/ssh_hardening/defaults/main.yml
  - roles/ssh_hardening/handlers/main.yml
  - roles/ssh_hardening/tasks/main.yml
  - roles/ssh_hardening/templates/sshd_config.j2
  - roles/step_ca/defaults/main.yml
  - roles/step_ca/handlers/main.yml
  - roles/step_ca/tasks/main.yml
  - roles/users/defaults/main.yml
  - roles/users/tasks/main.yml
  - roles/wireguard/defaults/main.yml
  - roles/wireguard/handlers/main.yml
  - roles/wireguard/tasks/instance.yml
  - roles/wireguard/tasks/main.yml
  - roles/wireguard/templates/wg.conf.j2
  - roles/workloads/defaults/main.yml
  - roles/workloads/handlers/main.yml
  - roles/workloads/tasks/docker/instance.yml
  - roles/workloads/tasks/main.yml
  - roles/workloads/tasks/podman/instance.yml
  - roles/workloads/tasks/remove_docker.yml
  - roles/workloads/tasks/remove_podman.yml
  - roles/workloads/templates/docker.service.j2
  - roles/workloads/templates/quadlet.container.j2
  - site.yml
  - templates/bind/.gitkeep
  - templates/dovecot/.gitkeep
  - templates/nftables/.gitkeep
  - templates/nginx/.gitkeep
  - templates/postfix/.gitkeep
source_files:
  - PROMPT.md
  - generate_ansible_enterprise.py
  - spec/ai-development-mode.md
  - spec/contracts.md
